
Microsoft Visual Studio Solution File, Format Version 12.00
# Visual Studio 15
VisualStudioVersion = 15.0.28010.2046
MinimumVisualStudioVersion = 10.0.40219.1
Project("{FAE04EC0-301F-11D3-BF4B-00C04F79EFBC}") = "Football.Domain", "Football.Domain\Football.Domain.csproj", "{C6D707ED-376B-4DFB-99F3-A8B82D285280}"
EndProject
Project("{FAE04EC0-301F-11D3-BF4B-00C04F79EFBC}") = "Football.Console", "Football.Console\Football.Console.csproj", "{43219162-8959-4E8E-8A29-D4B7BD69FA63}"
EndProject
Project("{FAE04EC0-301F-11D3-BF4B-00C04F79EFBC}") = "Football.WebDevExpress", "Football.WebDevExpress\Football.WebDevExpress.csproj", "{7EF3D768-11FC-4283-B85E-48571CA19E6F}"
EndProject
Global
	GlobalSection(SolutionConfigurationPlatforms) = preSolution
		Debug|Any CPU = Debug|Any CPU
		Release|Any CPU = Release|Any CPU
	EndGlobalSection
	GlobalSection(ProjectConfigurationPlatforms) = postSolution
		{C6D707ED-376B-4DFB-99F3-A8B82D285280}.Debug|Any CPU.ActiveCfg = Debug|Any CPU
		{C6D707ED-376B-4DFB-99F3-A8B82D285280}.Debug|Any CPU.Build.0 = Debug|Any CPU
		{C6D707ED-376B-4DFB-99F3-A8B82D285280}.Release|Any CPU.ActiveCfg = Release|Any CPU
		{C6D707ED-376B-4DFB-99F3-A8B82D285280}.Release|Any CPU.Build.0 = Release|Any CPU
		{43219162-8959-4E8E-8A29-D4B7BD69FA63}.Debug|Any CPU.ActiveCfg = Debug|Any CPU
		{43219162-8959-4E8E-8A29-D4B7BD69FA63}.Debug|Any CPU.Build.0 = Debug|Any CPU
		{43219162-8959-4E8E-8A29-D4B7BD69FA63}.Release|Any CPU.ActiveCfg = Release|Any CPU
		{43219162-8959-4E8E-8A29-D4B7BD69FA63}.Release|Any CPU.Build.0 = Release|Any CPU
		{7EF3D768-11FC-4283-B85E-48571CA19E6F}.Debug|Any CPU.ActiveCfg = Debug|Any CPU
		{7EF3D768-11FC-4283-B85E-48571CA19E6F}.Debug|Any CPU.Build.0 = Debug|Any CPU
		{7EF3D768-11FC-4283-B85E-48571CA19E6F}.Release|Any CPU.ActiveCfg = Release|Any CPU
		{7EF3D768-11FC-4283-B85E-48571CA19E6F}.Release|Any CPU.Build.0 = Release|Any CPU
	EndGlobalSection
	GlobalSection(SolutionProperties) = preSolution
		HideSolutionNode = FALSE
	EndGlobalSection
	GlobalSection(ExtensibilityGlobals) = postSolution
		SolutionGuid = {4DBCB9DC-D262-4224-B446-2992C749CFF2}
	EndGlobalSection
EndGlobal
